
Microsoft Visual Studio Solution File, Format Version 12.00
Project("{FAE04EC0-301F-11D3-BF4B-00C04F79EFBC}") = "hypotenuseCalculator", "hypotenuseCalculator\hypotenuseCalculator.csproj", "{DF0D786A-E4FD-448C-8E03-996FED16DF04}"
EndProject
Global
	GlobalSection(SolutionConfigurationPlatforms) = preSolution
		Debug|Any CPU = Debug|Any CPU
		Release|Any CPU = Release|Any CPU
	EndGlobalSection
	GlobalSection(ProjectConfigurationPlatforms) = postSolution
		{DF0D786A-E4FD-448C-8E03-996FED16DF04}.Debug|Any CPU.ActiveCfg = Debug|Any CPU
		{DF0D786A-E4FD-448C-8E03-996FED16DF04}.Debug|Any CPU.Build.0 = Debug|Any CPU
		{DF0D786A-E4FD-448C-8E03-996FED16DF04}.Release|Any CPU.ActiveCfg = Release|Any CPU
		{DF0D786A-E4FD-448C-8E03-996FED16DF04}.Release|Any CPU.Build.0 = Release|Any CPU
	EndGlobalSection
EndGlobal
